
Microsoft Visual Studio Solution File, Format Version 12.00
# Visual Studio Version 17
VisualStudioVersion = 17.3.32929.385
MinimumVisualStudioVersion = 10.0.40219.1
Project("{9A19103F-16F7-4668-BE54-9A1E7A4F7556}") = "StockVison.Scraper", "StockVison.Scraper\StockVison.Scraper.csproj", "{7553D612-4BA8-48F9-BB3C-7CD9833E0D96}"
EndProject
Project("{9A19103F-16F7-4668-BE54-9A1E7A4F7556}") = "StockVision.Data", "StockVision.Data\StockVision.Data.csproj", "{870D4771-1589-4448-84B2-CB8883D1E87A}"
EndProject
Project("{9A19103F-16F7-4668-BE54-9A1E7A4F7556}") = "StockVison.WebAPI", "StockVison.WebAPI\StockVison.WebAPI.csproj", "{995F1934-4767-428E-97A2-B68A671B5302}"
EndProject
Project("{9A19103F-16F7-4668-BE54-9A1E7A4F7556}") = "StockVision.BlazorServer", "StockVision.BlazorServer\StockVision.BlazorServer.csproj", "{1326EEE2-CA7E-449B-ADEE-9B3C0D4C8312}"
EndProject
Project("{9A19103F-16F7-4668-BE54-9A1E7A4F7556}") = "StockVision.Core", "StockVision.Core\StockVision.Core.csproj", "{B56106A9-075A-4DFC-A153-F78E1F4EC5A6}"
EndProject
Project("{9A19103F-16F7-4668-BE54-9A1E7A4F7556}") = "StockVision.Service", "StockVision.Service\StockVision.Service.csproj", "{4937090E-17FB-4A8B-874D-C65959D6BE54}"
EndProject
Project("{FAE04EC0-301F-11D3-BF4B-00C04F79EFBC}") = "StockVision.WebApp", "StockVision.WebApp\StockVision.WebApp.csproj", "{2C546827-541F-4778-B5F2-377F22AE6AF6}"
EndProject
Global
	GlobalSection(SolutionConfigurationPlatforms) = preSolution
		Debug|Any CPU = Debug|Any CPU
		Release|Any CPU = Release|Any CPU
	EndGlobalSection
	GlobalSection(ProjectConfigurationPlatforms) = postSolution
		{7553D612-4BA8-48F9-BB3C-7CD9833E0D96}.Debug|Any CPU.ActiveCfg = Debug|Any CPU
		{7553D612-4BA8-48F9-BB3C-7CD9833E0D96}.Debug|Any CPU.Build.0 = Debug|Any CPU
		{7553D612-4BA8-48F9-BB3C-7CD9833E0D96}.Release|Any CPU.ActiveCfg = Release|Any CPU
		{7553D612-4BA8-48F9-BB3C-7CD9833E0D96}.Release|Any CPU.Build.0 = Release|Any CPU
		{870D4771-1589-4448-84B2-CB8883D1E87A}.Debug|Any CPU.ActiveCfg = Debug|Any CPU
		{870D4771-1589-4448-84B2-CB8883D1E87A}.Debug|Any CPU.Build.0 = Debug|Any CPU
		{870D4771-1589-4448-84B2-CB8883D1E87A}.Release|Any CPU.ActiveCfg = Release|Any CPU
		{870D4771-1589-4448-84B2-CB8883D1E87A}.Release|Any CPU.Build.0 = Release|Any CPU
		{995F1934-4767-428E-97A2-B68A671B5302}.Debug|Any CPU.ActiveCfg = Debug|Any CPU
		{995F1934-4767-428E-97A2-B68A671B5302}.Debug|Any CPU.Build.0 = Debug|Any CPU
		{995F1934-4767-428E-97A2-B68A671B5302}.Release|Any CPU.ActiveCfg = Release|Any CPU
		{995F1934-4767-428E-97A2-B68A671B5302}.Release|Any CPU.Build.0 = Release|Any CPU
		{1326EEE2-CA7E-449B-ADEE-9B3C0D4C8312}.Debug|Any CPU.ActiveCfg = Debug|Any CPU
		{1326EEE2-CA7E-449B-ADEE-9B3C0D4C8312}.Debug|Any CPU.Build.0 = Debug|Any CPU
		{1326EEE2-CA7E-449B-ADEE-9B3C0D4C8312}.Release|Any CPU.ActiveCfg = Release|Any CPU
		{1326EEE2-CA7E-449B-ADEE-9B3C0D4C8312}.Release|Any CPU.Build.0 = Release|Any CPU
		{B56106A9-075A-4DFC-A153-F78E1F4EC5A6}.Debug|Any CPU.ActiveCfg = Debug|Any CPU
		{B56106A9-075A-4DFC-A153-F78E1F4EC5A6}.Debug|Any CPU.Build.0 = Debug|Any CPU
		{B56106A9-075A-4DFC-A153-F78E1F4EC5A6}.Release|Any CPU.ActiveCfg = Release|Any CPU
		{B56106A9-075A-4DFC-A153-F78E1F4EC5A6}.Release|Any CPU.Build.0 = Release|Any CPU
		{4937090E-17FB-4A8B-874D-C65959D6BE54}.Debug|Any CPU.ActiveCfg = Debug|Any CPU
		{4937090E-17FB-4A8B-874D-C65959D6BE54}.Debug|Any CPU.Build.0 = Debug|Any CPU
		{4937090E-17FB-4A8B-874D-C65959D6BE54}.Release|Any CPU.ActiveCfg = Release|Any CPU
		{4937090E-17FB-4A8B-874D-C65959D6BE54}.Release|Any CPU.Build.0 = Release|Any CPU
		{2C546827-541F-4778-B5F2-377F22AE6AF6}.Debug|Any CPU.ActiveCfg = Debug|Any CPU
		{2C546827-541F-4778-B5F2-377F22AE6AF6}.Debug|Any CPU.Build.0 = Debug|Any CPU
		{2C546827-541F-4778-B5F2-377F22AE6AF6}.Release|Any CPU.ActiveCfg = Release|Any CPU
		{2C546827-541F-4778-B5F2-377F22AE6AF6}.Release|Any CPU.Build.0 = Release|Any CPU
	EndGlobalSection
	GlobalSection(SolutionProperties) = preSolution
		HideSolutionNode = FALSE
	EndGlobalSection
	GlobalSection(ExtensibilityGlobals) = postSolution
		SolutionGuid = {D02DA70D-DDA0-4C4A-A064-56D08DE39B17}
	EndGlobalSection
EndGlobal
